
Microsoft Visual Studio Solution File, Format Version 12.00
# Visual Studio 15
VisualStudioVersion = 15.0.27428.2002
MinimumVisualStudioVersion = 10.0.40219.1
Project("{8BC9CEB8-8B4A-11D0-8D11-00A0C91BC942}") = "DDS", "DDS\DDS.vcxproj", "{60CCCB3D-B619-4882-A9AB-01E2C3FDB988}"
EndProject
Global
	GlobalSection(SolutionConfigurationPlatforms) = preSolution
		Debug|x64 = Debug|x64
		Debug|x86 = Debug|x86
		Release|x64 = Release|x64
		Release|x86 = Release|x86
	EndGlobalSection
	GlobalSection(ProjectConfigurationPlatforms) = postSolution
		{60CCCB3D-B619-4882-A9AB-01E2C3FDB988}.Debug|x64.ActiveCfg = Debug|x64
		{60CCCB3D-B619-4882-A9AB-01E2C3FDB988}.Debug|x64.Build.0 = Debug|x64
		{60CCCB3D-B619-4882-A9AB-01E2C3FDB988}.Debug|x86.ActiveCfg = Debug|Win32
		{60CCCB3D-B619-4882-A9AB-01E2C3FDB988}.Debug|x86.Build.0 = Debug|Win32
		{60CCCB3D-B619-4882-A9AB-01E2C3FDB988}.Release|x64.ActiveCfg = Release|x64
		{60CCCB3D-B619-4882-A9AB-01E2C3FDB988}.Release|x64.Build.0 = Release|x64
		{60CCCB3D-B619-4882-A9AB-01E2C3FDB988}.Release|x86.ActiveCfg = Release|Win32
		{60CCCB3D-B619-4882-A9AB-01E2C3FDB988}.Release|x86.Build.0 = Release|Win32
	EndGlobalSection
	GlobalSection(SolutionProperties) = preSolution
		HideSolutionNode = FALSE
	EndGlobalSection
	GlobalSection(ExtensibilityGlobals) = postSolution
		SolutionGuid = {3B4E3692-2DE0-4B6F-A5EB-7506EE51BA5C}
	EndGlobalSection
EndGlobal
